
Microsoft Visual Studio Solution File, Format Version 12.00
# Visual Studio Version 17
VisualStudioVersion = 17.12.35707.178 d17.12
MinimumVisualStudioVersion = 10.0.40219.1
Project("{FAE04EC0-301F-11D3-BF4B-00C04F79EFBC}") = "ConsoleApp2", "ConsoleApp2\ConsoleApp2.csproj", "{57EA1044-5A2D-4CC6-939A-36BB48033DE1}"
EndProject
Project("{FAE04EC0-301F-11D3-BF4B-00C04F79EFBC}") = "TestProject2", "TestProject2\TestProject2.csproj", "{EAB542A5-0C7B-4AED-AED8-E7C0B06DD1D1}"
EndProject
Global
	GlobalSection(SolutionConfigurationPlatforms) = preSolution
		Debug|Any CPU = Debug|Any CPU
		Release|Any CPU = Release|Any CPU
	EndGlobalSection
	GlobalSection(ProjectConfigurationPlatforms) = postSolution
		{57EA1044-5A2D-4CC6-939A-36BB48033DE1}.Debug|Any CPU.ActiveCfg = Debug|Any CPU
		{57EA1044-5A2D-4CC6-939A-36BB48033DE1}.Debug|Any CPU.Build.0 = Debug|Any CPU
		{57EA1044-5A2D-4CC6-939A-36BB48033DE1}.Release|Any CPU.ActiveCfg = Release|Any CPU
		{57EA1044-5A2D-4CC6-939A-36BB48033DE1}.Release|Any CPU.Build.0 = Release|Any CPU
		{EAB542A5-0C7B-4AED-AED8-E7C0B06DD1D1}.Debug|Any CPU.ActiveCfg = Debug|Any CPU
		{EAB542A5-0C7B-4AED-AED8-E7C0B06DD1D1}.Debug|Any CPU.Build.0 = Debug|Any CPU
		{EAB542A5-0C7B-4AED-AED8-E7C0B06DD1D1}.Release|Any CPU.ActiveCfg = Release|Any CPU
		{EAB542A5-0C7B-4AED-AED8-E7C0B06DD1D1}.Release|Any CPU.Build.0 = Release|Any CPU
	EndGlobalSection
	GlobalSection(SolutionProperties) = preSolution
		HideSolutionNode = FALSE
	EndGlobalSection
EndGlobal
